{
  "name": "@fumigoro/gas-spreadsheet-object-mapper",
  "version": "0.1.5",
  "lockfileVersion": 3,
  "requires": true,
  "packages": {
    "": {
      "name": "@fumigoro/gas-spreadsheet-object-mapper",
      "version": "0.1.5",
      "license": "MIT",
      "dependencies": {
        "typescript": "^5.4.5"
      },
      "devDependencies": {
        "@types/google-apps-script": "^1.0.83"
      }
    },
    "node_modules/@types/google-apps-script": {
      "version": "1.0.100",
      "resolved": "https://registry.npmjs.org/@types/google-apps-script/-/google-apps-script-1.0.100.tgz",
      "integrity": "sha512-POgcjcDbrjYJYf3Av6j5n+z9/z/WulCNh9Gj199HgrcgRLzcQLg5ALw6jdWcgBkzgTLNYZSe7/01aOfiNzzn9g==",
      "dev": true,
      "license": "MIT"
    },
    "node_modules/typescript": {
      "version": "5.9.3",
      "resolved": "https://registry.npmjs.org/typescript/-/typescript-5.9.3.tgz",
      "integrity": "sha512-jl1vZzPDinLr9eUt3J/t7V6FgNEw9QjvBPdysz9KfQDD41fQrC2Y4vKQdiaUpFT4bXlb1RHhLpp8wtm6M5TgSw==",
      "license": "Apache-2.0",
      "bin": {
        "tsc": "bin/tsc",
        "tsserver": "bin/tsserver"
      },
      "engines": {
        "node": ">=14.17"
      }
    }
  }
}
