{
  "name": "@fumigoro/gas-spreadsheet-object-mapper",
  "version": "0.1.5",
  "lockfileVersion": 3,
  "requires": true,
  "packages": {
    "": {
      "name": "@fumigoro/gas-spreadsheet-object-mapper",
      "version": "0.1.5",
      "license": "MIT",
      "dependencies": {
        "typescript": "^5.4.5"
      },
      "devDependencies": {
        "@types/google-apps-script": "^1.0.83"
      }
    },
    "node_modules/@types/google-apps-script": {
      "version": "1.0.99",
      "resolved": "https://registry.npmjs.org/@types/google-apps-script/-/google-apps-script-1.0.99.tgz",
      "integrity": "sha512-JrOXCWxYmY1ePWZXQxegrVMdXS0vuN69AMUfDIvfz5aLZ+El5JcYllwzeXeFC1YoM3lMWtPNGjgeTxlz8jih6w==",
      "dev": true,
      "license": "MIT"
    },
    "node_modules/typescript": {
      "version": "5.9.2",
      "resolved": "https://registry.npmjs.org/typescript/-/typescript-5.9.2.tgz",
      "integrity": "sha512-CWBzXQrc/qOkhidw1OzBTQuYRbfyxDXJMVJ1XNwUHGROVmuaeiEm3OslpZ1RV96d7SKKjZKrSJu3+t/xlw3R9A==",
      "license": "Apache-2.0",
      "bin": {
        "tsc": "bin/tsc",
        "tsserver": "bin/tsserver"
      },
      "engines": {
        "node": ">=14.17"
      }
    }
  }
}
